// !$*UTF8*$!
{
	archiveVersion = 1;
	classes = {
	};
	objectVersion = 50;
	objects = {

/* Begin PBXBuildFile section */
		896FD3EAEE95337D02DAB659 /* Pods_Hero_Guide_Hero_GuideTests.framework in Frameworks */ = {isa = PBXBuildFile; fileRef = 0E70C4A577EEE9CE0EB67FBA /* Pods_Hero_Guide_Hero_GuideTests.framework */; };
		AF51D9D320F28A3E008F38DD /* BaseService.swift in Sources */ = {isa = PBXBuildFile; fileRef = AF51D9D220F28A3E008F38DD /* BaseService.swift */; };
		AF51D9D520F28AA8008F38DD /* CharactersService.swift in Sources */ = {isa = PBXBuildFile; fileRef = AF51D9D420F28AA8008F38DD /* CharactersService.swift */; };
		AF51D9D820F28AEB008F38DD /* Constants.swift in Sources */ = {isa = PBXBuildFile; fileRef = AF51D9D720F28AEB008F38DD /* Constants.swift */; };
		AF51D9DB20F28E85008F38DD /* CharactersResultData.swift in Sources */ = {isa = PBXBuildFile; fileRef = AF51D9DA20F28E85008F38DD /* CharactersResultData.swift */; };
		AF51D9DD20F28EE6008F38DD /* CharacterData.swift in Sources */ = {isa = PBXBuildFile; fileRef = AF51D9DC20F28EE6008F38DD /* CharacterData.swift */; };
		AF51D9E720F29776008F38DD /* GalleryViewInterface.swift in Sources */ = {isa = PBXBuildFile; fileRef = AF51D9E620F29776008F38DD /* GalleryViewInterface.swift */; };
		AF51D9E920F297A9008F38DD /* GalleryViewHandlerInterface.swift in Sources */ = {isa = PBXBuildFile; fileRef = AF51D9E820F297A9008F38DD /* GalleryViewHandlerInterface.swift */; };
		AF51D9EB20F297BF008F38DD /* GalleryPresenter.swift in Sources */ = {isa = PBXBuildFile; fileRef = AF51D9EA20F297BF008F38DD /* GalleryPresenter.swift */; };
		AF51D9ED20F29804008F38DD /* GalleryInteractorIO.swift in Sources */ = {isa = PBXBuildFile; fileRef = AF51D9EC20F29804008F38DD /* GalleryInteractorIO.swift */; };
		AF51D9EF20F29840008F38DD /* GalleryInteractor.swift in Sources */ = {isa = PBXBuildFile; fileRef = AF51D9EE20F29840008F38DD /* GalleryInteractor.swift */; };
		AF51D9F120F298BD008F38DD /* GalleryCollectionViewCell.swift in Sources */ = {isa = PBXBuildFile; fileRef = AF51D9F020F298BD008F38DD /* GalleryCollectionViewCell.swift */; };
		AF51D9F420F2B209008F38DD /* DateExtension.swift in Sources */ = {isa = PBXBuildFile; fileRef = AF51D9F320F2B209008F38DD /* DateExtension.swift */; };
		AF51D9F620F2E2A9008F38DD /* CharacterViewController.swift in Sources */ = {isa = PBXBuildFile; fileRef = AF51D9F520F2E2A9008F38DD /* CharacterViewController.swift */; };
		AF51D9F820F30A40008F38DD /* CharacterViewInterface.swift in Sources */ = {isa = PBXBuildFile; fileRef = AF51D9F720F30A40008F38DD /* CharacterViewInterface.swift */; };
		AF51D9FA20F30A76008F38DD /* CharacterViewHandlerInterface.swift in Sources */ = {isa = PBXBuildFile; fileRef = AF51D9F920F30A76008F38DD /* CharacterViewHandlerInterface.swift */; };
		AF51D9FC20F30A90008F38DD /* CharacterPresenter.swift in Sources */ = {isa = PBXBuildFile; fileRef = AF51D9FB20F30A90008F38DD /* CharacterPresenter.swift */; };
		AF51D9FE20F30CA4008F38DD /* ResourceData.swift in Sources */ = {isa = PBXBuildFile; fileRef = AF51D9FD20F30CA4008F38DD /* ResourceData.swift */; };
		AF51DA0020F32008008F38DD /* ResourceURL.swift in Sources */ = {isa = PBXBuildFile; fileRef = AF51D9FF20F32008008F38DD /* ResourceURL.swift */; };
		AF5D39E120F27F8C009DC102 /* AppDelegate.swift in Sources */ = {isa = PBXBuildFile; fileRef = AF5D39E020F27F8C009DC102 /* AppDelegate.swift */; };
		AF5D39E320F27F8C009DC102 /* GalleryViewController.swift in Sources */ = {isa = PBXBuildFile; fileRef = AF5D39E220F27F8C009DC102 /* GalleryViewController.swift */; };
		AF5D39E620F27F8C009DC102 /* Main.storyboard in Resources */ = {isa = PBXBuildFile; fileRef = AF5D39E420F27F8C009DC102 /* Main.storyboard */; };
		AF5D39E820F27F8C009DC102 /* Assets.xcassets in Resources */ = {isa = PBXBuildFile; fileRef = AF5D39E720F27F8C009DC102 /* Assets.xcassets */; };
		AF5D39EB20F27F8C009DC102 /* LaunchScreen.storyboard in Resources */ = {isa = PBXBuildFile; fileRef = AF5D39E920F27F8C009DC102 /* LaunchScreen.storyboard */; };
		AF5D39F620F27F8C009DC102 /* Hero_GuideTests.swift in Sources */ = {isa = PBXBuildFile; fileRef = AF5D39F520F27F8C009DC102 /* Hero_GuideTests.swift */; };
		AF5D3A0120F27F8C009DC102 /* Hero_GuideUITests.swift in Sources */ = {isa = PBXBuildFile; fileRef = AF5D3A0020F27F8C009DC102 /* Hero_GuideUITests.swift */; };
		AF8CB61520F42E2100334585 /* UIViewExtension.swift in Sources */ = {isa = PBXBuildFile; fileRef = AF8CB61420F42E2100334585 /* UIViewExtension.swift */; };
		AF8CB61A20F434B600334585 /* CustomUIButton.swift in Sources */ = {isa = PBXBuildFile; fileRef = AF8CB61920F434B600334585 /* CustomUIButton.swift */; };
		AF8CB61E20F4394900334585 /* CharacterTests.swift in Sources */ = {isa = PBXBuildFile; fileRef = AF8CB61D20F4394900334585 /* CharacterTests.swift */; };
		AFB802D7210E20C200634D3D /* GallerySearchCell.swift in Sources */ = {isa = PBXBuildFile; fileRef = AFB802D6210E20C200634D3D /* GallerySearchCell.swift */; };
		AFB802D9210E210C00634D3D /* GallerySearchController.swift in Sources */ = {isa = PBXBuildFile; fileRef = AFB802D8210E210C00634D3D /* GallerySearchController.swift */; };
		CCF737D6CC0E69ABF7878883 /* Pods_Hero_Guide.framework in Frameworks */ = {isa = PBXBuildFile; fileRef = 5F07B910A3795EB003FF0F05 /* Pods_Hero_Guide.framework */; };
/* End PBXBuildFile section */

/* Begin PBXContainerItemProxy section */
		AF5D39F220F27F8C009DC102 /* PBXContainerItemProxy */ = {
			isa = PBXContainerItemProxy;
			containerPortal = AF5D39D520F27F8C009DC102 /* Project object */;
			proxyType = 1;
			remoteGlobalIDString = AF5D39DC20F27F8C009DC102;
			remoteInfo = "Hero Guide";
		};
		AF5D39FD20F27F8C009DC102 /* PBXContainerItemProxy */ = {
			isa = PBXContainerItemProxy;
			containerPortal = AF5D39D520F27F8C009DC102 /* Project object */;
			proxyType = 1;
			remoteGlobalIDString = AF5D39DC20F27F8C009DC102;
			remoteInfo = "Hero Guide";
		};
/* End PBXContainerItemProxy section */

/* Begin PBXFileReference section */
		0AF8F9EF1D19A4E42DA1D8A9 /* Pods-Hero Guide-Hero GuideTests.debug.xcconfig */ = {isa = PBXFileReference; includeInIndex = 1; lastKnownFileType = text.xcconfig; name = "Pods-Hero Guide-Hero GuideTests.debug.xcconfig"; path = "Pods/Target Support Files/Pods-Hero Guide-Hero GuideTests/Pods-Hero Guide-Hero GuideTests.debug.xcconfig"; sourceTree = "<group>"; };
		0E70C4A577EEE9CE0EB67FBA /* Pods_Hero_Guide_Hero_GuideTests.framework */ = {isa = PBXFileReference; explicitFileType = wrapper.framework; includeInIndex = 0; path = Pods_Hero_Guide_Hero_GuideTests.framework; sourceTree = BUILT_PRODUCTS_DIR; };
		4739CC735D997955FD4E2BEB /* Pods-Hero Guide-Hero GuideTests.release.xcconfig */ = {isa = PBXFileReference; includeInIndex = 1; lastKnownFileType = text.xcconfig; name = "Pods-Hero Guide-Hero GuideTests.release.xcconfig"; path = "Pods/Target Support Files/Pods-Hero Guide-Hero GuideTests/Pods-Hero Guide-Hero GuideTests.release.xcconfig"; sourceTree = "<group>"; };
		5F07B910A3795EB003FF0F05 /* Pods_Hero_Guide.framework */ = {isa = PBXFileReference; explicitFileType = wrapper.framework; includeInIndex = 0; path = Pods_Hero_Guide.framework; sourceTree = BUILT_PRODUCTS_DIR; };
		A2B3AC92116D166700E1422C /* Pods-Hero Guide.release.xcconfig */ = {isa = PBXFileReference; includeInIndex = 1; lastKnownFileType = text.xcconfig; name = "Pods-Hero Guide.release.xcconfig"; path = "Pods/Target Support Files/Pods-Hero Guide/Pods-Hero Guide.release.xcconfig"; sourceTree = "<group>"; };
		AF51D9D220F28A3E008F38DD /* BaseService.swift */ = {isa = PBXFileReference; lastKnownFileType = sourcecode.swift; path = BaseService.swift; sourceTree = "<group>"; };
		AF51D9D420F28AA8008F38DD /* CharactersService.swift */ = {isa = PBXFileReference; lastKnownFileType = sourcecode.swift; path = CharactersService.swift; sourceTree = "<group>"; };
		AF51D9D720F28AEB008F38DD /* Constants.swift */ = {isa = PBXFileReference; lastKnownFileType = sourcecode.swift; path = Constants.swift; sourceTree = "<group>"; };
		AF51D9DA20F28E85008F38DD /* CharactersResultData.swift */ = {isa = PBXFileReference; lastKnownFileType = sourcecode.swift; path = CharactersResultData.swift; sourceTree = "<group>"; };
		AF51D9DC20F28EE6008F38DD /* CharacterData.swift */ = {isa = PBXFileReference; lastKnownFileType = sourcecode.swift; path = CharacterData.swift; sourceTree = "<group>"; };
		AF51D9E620F29776008F38DD /* GalleryViewInterface.swift */ = {isa = PBXFileReference; lastKnownFileType = sourcecode.swift; path = GalleryViewInterface.swift; sourceTree = "<group>"; };
		AF51D9E820F297A9008F38DD /* GalleryViewHandlerInterface.swift */ = {isa = PBXFileReference; lastKnownFileType = sourcecode.swift; path = GalleryViewHandlerInterface.swift; sourceTree = "<group>"; };
		AF51D9EA20F297BF008F38DD /* GalleryPresenter.swift */ = {isa = PBXFileReference; lastKnownFileType = sourcecode.swift; path = GalleryPresenter.swift; sourceTree = "<group>"; };
		AF51D9EC20F29804008F38DD /* GalleryInteractorIO.swift */ = {isa = PBXFileReference; lastKnownFileType = sourcecode.swift; path = GalleryInteractorIO.swift; sourceTree = "<group>"; };
		AF51D9EE20F29840008F38DD /* GalleryInteractor.swift */ = {isa = PBXFileReference; lastKnownFileType = sourcecode.swift; path = GalleryInteractor.swift; sourceTree = "<group>"; };
		AF51D9F020F298BD008F38DD /* GalleryCollectionViewCell.swift */ = {isa = PBXFileReference; lastKnownFileType = sourcecode.swift; path = GalleryCollectionViewCell.swift; sourceTree = "<group>"; };
		AF51D9F320F2B209008F38DD /* DateExtension.swift */ = {isa = PBXFileReference; lastKnownFileType = sourcecode.swift; path = DateExtension.swift; sourceTree = "<group>"; };
		AF51D9F520F2E2A9008F38DD /* CharacterViewController.swift */ = {isa = PBXFileReference; lastKnownFileType = sourcecode.swift; path = CharacterViewController.swift; sourceTree = "<group>"; };
		AF51D9F720F30A40008F38DD /* CharacterViewInterface.swift */ = {isa = PBXFileReference; lastKnownFileType = sourcecode.swift; path = CharacterViewInterface.swift; sourceTree = "<group>"; };
		AF51D9F920F30A76008F38DD /* CharacterViewHandlerInterface.swift */ = {isa = PBXFileReference; lastKnownFileType = sourcecode.swift; path = CharacterViewHandlerInterface.swift; sourceTree = "<group>"; };
		AF51D9FB20F30A90008F38DD /* CharacterPresenter.swift */ = {isa = PBXFileReference; lastKnownFileType = sourcecode.swift; path = CharacterPresenter.swift; sourceTree = "<group>"; };
		AF51D9FD20F30CA4008F38DD /* ResourceData.swift */ = {isa = PBXFileReference; lastKnownFileType = sourcecode.swift; path = ResourceData.swift; sourceTree = "<group>"; };
		AF51D9FF20F32008008F38DD /* ResourceURL.swift */ = {isa = PBXFileReference; lastKnownFileType = sourcecode.swift; path = ResourceURL.swift; sourceTree = "<group>"; };
		AF5D39DD20F27F8C009DC102 /* Hero Guide.app */ = {isa = PBXFileReference; explicitFileType = wrapper.application; includeInIndex = 0; path = "Hero Guide.app"; sourceTree = BUILT_PRODUCTS_DIR; };
		AF5D39E020F27F8C009DC102 /* AppDelegate.swift */ = {isa = PBXFileReference; lastKnownFileType = sourcecode.swift; path = AppDelegate.swift; sourceTree = "<group>"; };
		AF5D39E220F27F8C009DC102 /* GalleryViewController.swift */ = {isa = PBXFileReference; lastKnownFileType = sourcecode.swift; path = GalleryViewController.swift; sourceTree = "<group>"; };
		AF5D39E520F27F8C009DC102 /* Base */ = {isa = PBXFileReference; lastKnownFileType = file.storyboard; name = Base; path = Base.lproj/Main.storyboard; sourceTree = "<group>"; };
		AF5D39E720F27F8C009DC102 /* Assets.xcassets */ = {isa = PBXFileReference; lastKnownFileType = folder.assetcatalog; path = Assets.xcassets; sourceTree = "<group>"; };
		AF5D39EA20F27F8C009DC102 /* Base */ = {isa = PBXFileReference; lastKnownFileType = file.storyboard; name = Base; path = Base.lproj/LaunchScreen.storyboard; sourceTree = "<group>"; };
		AF5D39EC20F27F8C009DC102 /* Info.plist */ = {isa = PBXFileReference; lastKnownFileType = text.plist.xml; path = Info.plist; sourceTree = "<group>"; };
		AF5D39F120F27F8C009DC102 /* Hero GuideTests.xctest */ = {isa = PBXFileReference; explicitFileType = wrapper.cfbundle; includeInIndex = 0; path = "Hero GuideTests.xctest"; sourceTree = BUILT_PRODUCTS_DIR; };
		AF5D39F520F27F8C009DC102 /* Hero_GuideTests.swift */ = {isa = PBXFileReference; lastKnownFileType = sourcecode.swift; path = Hero_GuideTests.swift; sourceTree = "<group>"; };
		AF5D39F720F27F8C009DC102 /* Info.plist */ = {isa = PBXFileReference; lastKnownFileType = text.plist.xml; path = Info.plist; sourceTree = "<group>"; };
		AF5D39FC20F27F8C009DC102 /* Hero GuideUITests.xctest */ = {isa = PBXFileReference; explicitFileType = wrapper.cfbundle; includeInIndex = 0; path = "Hero GuideUITests.xctest"; sourceTree = BUILT_PRODUCTS_DIR; };
		AF5D3A0020F27F8C009DC102 /* Hero_GuideUITests.swift */ = {isa = PBXFileReference; lastKnownFileType = sourcecode.swift; path = Hero_GuideUITests.swift; sourceTree = "<group>"; };
		AF5D3A0220F27F8C009DC102 /* Info.plist */ = {isa = PBXFileReference; lastKnownFileType = text.plist.xml; path = Info.plist; sourceTree = "<group>"; };
		AF8CB61420F42E2100334585 /* UIViewExtension.swift */ = {isa = PBXFileReference; lastKnownFileType = sourcecode.swift; path = UIViewExtension.swift; sourceTree = "<group>"; };
		AF8CB61920F434B600334585 /* CustomUIButton.swift */ = {isa = PBXFileReference; lastKnownFileType = sourcecode.swift; path = CustomUIButton.swift; sourceTree = "<group>"; };
		AF8CB61D20F4394900334585 /* CharacterTests.swift */ = {isa = PBXFileReference; lastKnownFileType = sourcecode.swift; path = CharacterTests.swift; sourceTree = "<group>"; };
		AFB802D6210E20C200634D3D /* GallerySearchCell.swift */ = {isa = PBXFileReference; lastKnownFileType = sourcecode.swift; path = GallerySearchCell.swift; sourceTree = "<group>"; };
		AFB802D8210E210C00634D3D /* GallerySearchController.swift */ = {isa = PBXFileReference; lastKnownFileType = sourcecode.swift; path = GallerySearchController.swift; sourceTree = "<group>"; };
		DE790A449158B90753412AAB /* Pods-Hero Guide.debug.xcconfig */ = {isa = PBXFileReference; includeInIndex = 1; lastKnownFileType = text.xcconfig; name = "Pods-Hero Guide.debug.xcconfig"; path = "Pods/Target Support Files/Pods-Hero Guide/Pods-Hero Guide.debug.xcconfig"; sourceTree = "<group>"; };
/* End PBXFileReference section */

/* Begin PBXFrameworksBuildPhase section */
		AF5D39DA20F27F8C009DC102 /* Frameworks */ = {
			isa = PBXFrameworksBuildPhase;
			buildActionMask = 2147483647;
			files = (
				CCF737D6CC0E69ABF7878883 /* Pods_Hero_Guide.framework in Frameworks */,
			);
			runOnlyForDeploymentPostprocessing = 0;
		};
		AF5D39EE20F27F8C009DC102 /* Frameworks */ = {
			isa = PBXFrameworksBuildPhase;
			buildActionMask = 2147483647;
			files = (
				896FD3EAEE95337D02DAB659 /* Pods_Hero_Guide_Hero_GuideTests.framework in Frameworks */,
			);
			runOnlyForDeploymentPostprocessing = 0;
		};
		AF5D39F920F27F8C009DC102 /* Frameworks */ = {
			isa = PBXFrameworksBuildPhase;
			buildActionMask = 2147483647;
			files = (
			);
			runOnlyForDeploymentPostprocessing = 0;
		};
/* End PBXFrameworksBuildPhase section */

/* Begin PBXGroup section */
		33A1592DE4A0B71DFBB0D084 /* Pods */ = {
			isa = PBXGroup;
			children = (
				DE790A449158B90753412AAB /* Pods-Hero Guide.debug.xcconfig */,
				A2B3AC92116D166700E1422C /* Pods-Hero Guide.release.xcconfig */,
				0AF8F9EF1D19A4E42DA1D8A9 /* Pods-Hero Guide-Hero GuideTests.debug.xcconfig */,
				4739CC735D997955FD4E2BEB /* Pods-Hero Guide-Hero GuideTests.release.xcconfig */,
			);
			name = Pods;
			sourceTree = "<group>";
		};
		AF51D9D120F28A2B008F38DD /* Services */ = {
			isa = PBXGroup;
			children = (
				AF51D9D220F28A3E008F38DD /* BaseService.swift */,
				AF51D9D420F28AA8008F38DD /* CharactersService.swift */,
			);
			path = Services;
			sourceTree = "<group>";
		};
		AF51D9D620F28AD6008F38DD /* Constants */ = {
			isa = PBXGroup;
			children = (
				AF51D9D720F28AEB008F38DD /* Constants.swift */,
			);
			path = Constants;
			sourceTree = "<group>";
		};
		AF51D9D920F28E23008F38DD /* Models */ = {
			isa = PBXGroup;
			children = (
				AF51D9DA20F28E85008F38DD /* CharactersResultData.swift */,
				AF51D9DC20F28EE6008F38DD /* CharacterData.swift */,
				AF51D9FD20F30CA4008F38DD /* ResourceData.swift */,
				AF51D9FF20F32008008F38DD /* ResourceURL.swift */,
			);
			path = Models;
			sourceTree = "<group>";
		};
		AF51D9DE20F29285008F38DD /* Storyboards */ = {
			isa = PBXGroup;
			children = (
				AF5D39E920F27F8C009DC102 /* LaunchScreen.storyboard */,
				AF5D39E420F27F8C009DC102 /* Main.storyboard */,
			);
			path = Storyboards;
			sourceTree = "<group>";
		};
		AF51D9DF20F2929C008F38DD /* ViewControllers */ = {
			isa = PBXGroup;
			children = (
				AF5D39E220F27F8C009DC102 /* GalleryViewController.swift */,
				AFB802D8210E210C00634D3D /* GallerySearchController.swift */,
				AF51D9F520F2E2A9008F38DD /* CharacterViewController.swift */,
			);
			path = ViewControllers;
			sourceTree = "<group>";
		};
		AF51D9E020F296AE008F38DD /* Views */ = {
			isa = PBXGroup;
			children = (
				AF51D9E620F29776008F38DD /* GalleryViewInterface.swift */,
				AF51D9F720F30A40008F38DD /* CharacterViewInterface.swift */,
			);
			path = Views;
			sourceTree = "<group>";
		};
		AF51D9E120F296D1008F38DD /* Cells */ = {
			isa = PBXGroup;
			children = (
				AF51D9F020F298BD008F38DD /* GalleryCollectionViewCell.swift */,
				AFB802D6210E20C200634D3D /* GallerySearchCell.swift */,
			);
			path = Cells;
			sourceTree = "<group>";
		};
		AF51D9E220F296DE008F38DD /* ViewHandlers */ = {
			isa = PBXGroup;
			children = (
				AF51D9E820F297A9008F38DD /* GalleryViewHandlerInterface.swift */,
				AF51D9F920F30A76008F38DD /* CharacterViewHandlerInterface.swift */,
			);
			path = ViewHandlers;
			sourceTree = "<group>";
		};
		AF51D9E320F296F0008F38DD /* Presenters */ = {
			isa = PBXGroup;
			children = (
				AF51D9EA20F297BF008F38DD /* GalleryPresenter.swift */,
				AF51D9FB20F30A90008F38DD /* CharacterPresenter.swift */,
			);
			path = Presenters;
			sourceTree = "<group>";
		};
		AF51D9E420F296FB008F38DD /* InteractorIOs */ = {
			isa = PBXGroup;
			children = (
				AF51D9EC20F29804008F38DD /* GalleryInteractorIO.swift */,
			);
			path = InteractorIOs;
			sourceTree = "<group>";
		};
		AF51D9E520F29708008F38DD /* Interactors */ = {
			isa = PBXGroup;
			children = (
				AF51D9EE20F29840008F38DD /* GalleryInteractor.swift */,
			);
			path = Interactors;
			sourceTree = "<group>";
		};
		AF51D9F220F2B1F3008F38DD /* Extensions */ = {
			isa = PBXGroup;
			children = (
				AF51D9F320F2B209008F38DD /* DateExtension.swift */,
				AF8CB61420F42E2100334585 /* UIViewExtension.swift */,
			);
			path = Extensions;
			sourceTree = "<group>";
		};
		AF5D39D420F27F8C009DC102 = {
			isa = PBXGroup;
			children = (
				AF5D39DF20F27F8C009DC102 /* Hero Guide */,
				AF5D39F420F27F8C009DC102 /* Hero GuideTests */,
				AF5D39FF20F27F8C009DC102 /* Hero GuideUITests */,
				AF5D39DE20F27F8C009DC102 /* Products */,
				33A1592DE4A0B71DFBB0D084 /* Pods */,
				DFD6CCF64B4526496847F64D /* Frameworks */,
			);
			sourceTree = "<group>";
		};
		AF5D39DE20F27F8C009DC102 /* Products */ = {
			isa = PBXGroup;
			children = (
				AF5D39DD20F27F8C009DC102 /* Hero Guide.app */,
				AF5D39F120F27F8C009DC102 /* Hero GuideTests.xctest */,
				AF5D39FC20F27F8C009DC102 /* Hero GuideUITests.xctest */,
			);
			name = Products;
			sourceTree = "<group>";
		};
		AF5D39DF20F27F8C009DC102 /* Hero Guide */ = {
			isa = PBXGroup;
			children = (
				AF51D9E020F296AE008F38DD /* Views */,
				AF51D9DF20F2929C008F38DD /* ViewControllers */,
				AF51D9E120F296D1008F38DD /* Cells */,
				AF51D9E220F296DE008F38DD /* ViewHandlers */,
				AF51D9E320F296F0008F38DD /* Presenters */,
				AF51D9E420F296FB008F38DD /* InteractorIOs */,
				AF51D9E520F29708008F38DD /* Interactors */,
				AF51D9D120F28A2B008F38DD /* Services */,
				AF51D9D920F28E23008F38DD /* Models */,
				AF51D9F220F2B1F3008F38DD /* Extensions */,
				AF8CB61820F4349000334585 /* CustomViews */,
				AF51D9D620F28AD6008F38DD /* Constants */,
				AF51D9DE20F29285008F38DD /* Storyboards */,
				AF5D39E020F27F8C009DC102 /* AppDelegate.swift */,
				AF5D39E720F27F8C009DC102 /* Assets.xcassets */,
				AF5D39EC20F27F8C009DC102 /* Info.plist */,
			);
			path = "Hero Guide";
			sourceTree = "<group>";
		};
		AF5D39F420F27F8C009DC102 /* Hero GuideTests */ = {
			isa = PBXGroup;
			children = (
				AF8CB61C20F4393800334585 /* Models */,
				AF5D39F520F27F8C009DC102 /* Hero_GuideTests.swift */,
				AF5D39F720F27F8C009DC102 /* Info.plist */,
			);
			path = "Hero GuideTests";
			sourceTree = "<group>";
		};
		AF5D39FF20F27F8C009DC102 /* Hero GuideUITests */ = {
			isa = PBXGroup;
			children = (
				AF5D3A0020F27F8C009DC102 /* Hero_GuideUITests.swift */,
				AF5D3A0220F27F8C009DC102 /* Info.plist */,
			);
			path = "Hero GuideUITests";
			sourceTree = "<group>";
		};
		AF8CB61820F4349000334585 /* CustomViews */ = {
			isa = PBXGroup;
			children = (
				AF8CB61920F434B600334585 /* CustomUIButton.swift */,
			);
			path = CustomViews;
			sourceTree = "<group>";
		};
		AF8CB61C20F4393800334585 /* Models */ = {
			isa = PBXGroup;
			children = (
				AF8CB61D20F4394900334585 /* CharacterTests.swift */,
			);
			path = Models;
			sourceTree = "<group>";
		};
		DFD6CCF64B4526496847F64D /* Frameworks */ = {
			isa = PBXGroup;
			children = (
				5F07B910A3795EB003FF0F05 /* Pods_Hero_Guide.framework */,
				0E70C4A577EEE9CE0EB67FBA /* Pods_Hero_Guide_Hero_GuideTests.framework */,
			);
			name = Frameworks;
			sourceTree = "<group>";
		};
/* End PBXGroup section */

/* Begin PBXNativeTarget section */
		AF5D39DC20F27F8C009DC102 /* Hero Guide */ = {
			isa = PBXNativeTarget;
			buildConfigurationList = AF5D3A0520F27F8C009DC102 /* Build configuration list for PBXNativeTarget "Hero Guide" */;
			buildPhases = (
				CDAABBECD39102F0E9A1AC46 /* [CP] Check Pods Manifest.lock */,
				AF5D39D920F27F8C009DC102 /* Sources */,
				AF5D39DA20F27F8C009DC102 /* Frameworks */,
				AF5D39DB20F27F8C009DC102 /* Resources */,
				151B84048615053F8039533B /* [CP] Embed Pods Frameworks */,
				E2E1F575A13DCC8CA8A2F6AD /* [CP] Copy Pods Resources */,
			);
			buildRules = (
			);
			dependencies = (
			);
			name = "Hero Guide";
			productName = "Hero Guide";
			productReference = AF5D39DD20F27F8C009DC102 /* Hero Guide.app */;
			productType = "com.apple.product-type.application";
		};
		AF5D39F020F27F8C009DC102 /* Hero GuideTests */ = {
			isa = PBXNativeTarget;
			buildConfigurationList = AF5D3A0820F27F8C009DC102 /* Build configuration list for PBXNativeTarget "Hero GuideTests" */;
			buildPhases = (
				93D17FF7E580DF6BC28E4A82 /* [CP] Check Pods Manifest.lock */,
				AF5D39ED20F27F8C009DC102 /* Sources */,
				AF5D39EE20F27F8C009DC102 /* Frameworks */,
				AF5D39EF20F27F8C009DC102 /* Resources */,
				79541ACC380DA1D13482B480 /* [CP] Embed Pods Frameworks */,
				7600D45A1661D25ECC9D6DEC /* [CP] Copy Pods Resources */,
			);
			buildRules = (
			);
			dependencies = (
				AF5D39F320F27F8C009DC102 /* PBXTargetDependency */,
			);
			name = "Hero GuideTests";
			productName = "Hero GuideTests";
			productReference = AF5D39F120F27F8C009DC102 /* Hero GuideTests.xctest */;
			productType = "com.apple.product-type.bundle.unit-test";
		};
		AF5D39FB20F27F8C009DC102 /* Hero GuideUITests */ = {
			isa = PBXNativeTarget;
			buildConfigurationList = AF5D3A0B20F27F8C009DC102 /* Build configuration list for PBXNativeTarget "Hero GuideUITests" */;
			buildPhases = (
				AF5D39F820F27F8C009DC102 /* Sources */,
				AF5D39F920F27F8C009DC102 /* Frameworks */,
				AF5D39FA20F27F8C009DC102 /* Resources */,
			);
			buildRules = (
			);
			dependencies = (
				AF5D39FE20F27F8C009DC102 /* PBXTargetDependency */,
			);
			name = "Hero GuideUITests";
			productName = "Hero GuideUITests";
			productReference = AF5D39FC20F27F8C009DC102 /* Hero GuideUITests.xctest */;
			productType = "com.apple.product-type.bundle.ui-testing";
		};
/* End PBXNativeTarget section */

/* Begin PBXProject section */
		AF5D39D520F27F8C009DC102 /* Project object */ = {
			isa = PBXProject;
			attributes = {
				LastSwiftUpdateCheck = 0940;
				LastUpgradeCheck = 0940;
				ORGANIZATIONNAME = "Thiago Ferrão";
				TargetAttributes = {
					AF5D39DC20F27F8C009DC102 = {
						CreatedOnToolsVersion = 9.4.1;
					};
					AF5D39F020F27F8C009DC102 = {
						CreatedOnToolsVersion = 9.4.1;
						TestTargetID = AF5D39DC20F27F8C009DC102;
					};
					AF5D39FB20F27F8C009DC102 = {
						CreatedOnToolsVersion = 9.4.1;
						TestTargetID = AF5D39DC20F27F8C009DC102;
					};
				};
			};
			buildConfigurationList = AF5D39D820F27F8C009DC102 /* Build configuration list for PBXProject "Hero Guide" */;
			compatibilityVersion = "Xcode 9.3";
			developmentRegion = en;
			hasScannedForEncodings = 0;
			knownRegions = (
				en,
				Base,
			);
			mainGroup = AF5D39D420F27F8C009DC102;
			productRefGroup = AF5D39DE20F27F8C009DC102 /* Products */;
			projectDirPath = "";
			projectRoot = "";
			targets = (
				AF5D39DC20F27F8C009DC102 /* Hero Guide */,
				AF5D39F020F27F8C009DC102 /* Hero GuideTests */,
				AF5D39FB20F27F8C009DC102 /* Hero GuideUITests */,
			);
		};
/* End PBXProject section */

/* Begin PBXResourcesBuildPhase section */
		AF5D39DB20F27F8C009DC102 /* Resources */ = {
			isa = PBXResourcesBuildPhase;
			buildActionMask = 2147483647;
			files = (
				AF5D39EB20F27F8C009DC102 /* LaunchScreen.storyboard in Resources */,
				AF5D39E820F27F8C009DC102 /* Assets.xcassets in Resources */,
				AF5D39E620F27F8C009DC102 /* Main.storyboard in Resources */,
			);
			runOnlyForDeploymentPostprocessing = 0;
		};
		AF5D39EF20F27F8C009DC102 /* Resources */ = {
			isa = PBXResourcesBuildPhase;
			buildActionMask = 2147483647;
			files = (
			);
			runOnlyForDeploymentPostprocessing = 0;
		};
		AF5D39FA20F27F8C009DC102 /* Resources */ = {
			isa = PBXResourcesBuildPhase;
			buildActionMask = 2147483647;
			files = (
			);
			runOnlyForDeploymentPostprocessing = 0;
		};
/* End PBXResourcesBuildPhase section */

/* Begin PBXShellScriptBuildPhase section */
		151B84048615053F8039533B /* [CP] Embed Pods Frameworks */ = {
			isa = PBXShellScriptBuildPhase;
			buildActionMask = 2147483647;
			files = (
			);
			inputPaths = (
				"${SRCROOT}/Pods/Target Support Files/Pods-Hero Guide/Pods-Hero Guide-frameworks.sh",
				"${BUILT_PRODUCTS_DIR}/Alamofire/Alamofire.framework",
				"${BUILT_PRODUCTS_DIR}/CCBottomRefreshControl/CCBottomRefreshControl.framework",
				"${BUILT_PRODUCTS_DIR}/Kingfisher/Kingfisher.framework",
				"${BUILT_PRODUCTS_DIR}/ObjectMapper/ObjectMapper.framework",
				"${BUILT_PRODUCTS_DIR}/SwiftHash/SwiftHash.framework",
			);
			name = "[CP] Embed Pods Frameworks";
			outputPaths = (
				"${TARGET_BUILD_DIR}/${FRAMEWORKS_FOLDER_PATH}/Alamofire.framework",
				"${TARGET_BUILD_DIR}/${FRAMEWORKS_FOLDER_PATH}/CCBottomRefreshControl.framework",
				"${TARGET_BUILD_DIR}/${FRAMEWORKS_FOLDER_PATH}/Kingfisher.framework",
				"${TARGET_BUILD_DIR}/${FRAMEWORKS_FOLDER_PATH}/ObjectMapper.framework",
				"${TARGET_BUILD_DIR}/${FRAMEWORKS_FOLDER_PATH}/SwiftHash.framework",
			);
			runOnlyForDeploymentPostprocessing = 0;
			shellPath = /bin/sh;
			shellScript = "\"${SRCROOT}/Pods/Target Support Files/Pods-Hero Guide/Pods-Hero Guide-frameworks.sh\"\n";
			showEnvVarsInLog = 0;
		};
		7600D45A1661D25ECC9D6DEC /* [CP] Copy Pods Resources */ = {
			isa = PBXShellScriptBuildPhase;
			buildActionMask = 2147483647;
			files = (
			);
			inputPaths = (
			);
			name = "[CP] Copy Pods Resources";
			outputPaths = (
			);
			runOnlyForDeploymentPostprocessing = 0;
			shellPath = /bin/sh;
			shellScript = "\"${SRCROOT}/Pods/Target Support Files/Pods-Hero Guide-Hero GuideTests/Pods-Hero Guide-Hero GuideTests-resources.sh\"\n";
			showEnvVarsInLog = 0;
		};
		79541ACC380DA1D13482B480 /* [CP] Embed Pods Frameworks */ = {
			isa = PBXShellScriptBuildPhase;
			buildActionMask = 2147483647;
			files = (
			);
			inputPaths = (
				"${SRCROOT}/Pods/Target Support Files/Pods-Hero Guide-Hero GuideTests/Pods-Hero Guide-Hero GuideTests-frameworks.sh",
				"${BUILT_PRODUCTS_DIR}/Alamofire/Alamofire.framework",
				"${BUILT_PRODUCTS_DIR}/CCBottomRefreshControl/CCBottomRefreshControl.framework",
				"${BUILT_PRODUCTS_DIR}/Kingfisher/Kingfisher.framework",
				"${BUILT_PRODUCTS_DIR}/ObjectMapper/ObjectMapper.framework",
				"${BUILT_PRODUCTS_DIR}/SwiftHash/SwiftHash.framework",
			);
			name = "[CP] Embed Pods Frameworks";
			outputPaths = (
				"${TARGET_BUILD_DIR}/${FRAMEWORKS_FOLDER_PATH}/Alamofire.framework",
				"${TARGET_BUILD_DIR}/${FRAMEWORKS_FOLDER_PATH}/CCBottomRefreshControl.framework",
				"${TARGET_BUILD_DIR}/${FRAMEWORKS_FOLDER_PATH}/Kingfisher.framework",
				"${TARGET_BUILD_DIR}/${FRAMEWORKS_FOLDER_PATH}/ObjectMapper.framework",
				"${TARGET_BUILD_DIR}/${FRAMEWORKS_FOLDER_PATH}/SwiftHash.framework",
			);
			runOnlyForDeploymentPostprocessing = 0;
			shellPath = /bin/sh;
			shellScript = "\"${SRCROOT}/Pods/Target Support Files/Pods-Hero Guide-Hero GuideTests/Pods-Hero Guide-Hero GuideTests-frameworks.sh\"\n";
			showEnvVarsInLog = 0;
		};
		93D17FF7E580DF6BC28E4A82 /* [CP] Check Pods Manifest.lock */ = {
			isa = PBXShellScriptBuildPhase;
			buildActionMask = 2147483647;
			files = (
			);
			inputPaths = (
				"${PODS_PODFILE_DIR_PATH}/Podfile.lock",
				"${PODS_ROOT}/Manifest.lock",
			);
			name = "[CP] Check Pods Manifest.lock";
			outputPaths = (
				"$(DERIVED_FILE_DIR)/Pods-Hero Guide-Hero GuideTests-checkManifestLockResult.txt",
			);
			runOnlyForDeploymentPostprocessing = 0;
			shellPath = /bin/sh;
			shellScript = "diff \"${PODS_PODFILE_DIR_PATH}/Podfile.lock\" \"${PODS_ROOT}/Manifest.lock\" > /dev/null\nif [ $? != 0 ] ; then\n    # print error to STDERR\n    echo \"error: The sandbox is not in sync with the Podfile.lock. Run 'pod install' or update your CocoaPods installation.\" >&2\n    exit 1\nfi\n# This output is used by Xcode 'outputs' to avoid re-running this script phase.\necho \"SUCCESS\" > \"${SCRIPT_OUTPUT_FILE_0}\"\n";
			showEnvVarsInLog = 0;
		};
		CDAABBECD39102F0E9A1AC46 /* [CP] Check Pods Manifest.lock */ = {
			isa = PBXShellScriptBuildPhase;
			buildActionMask = 2147483647;
			files = (
			);
			inputPaths = (
				"${PODS_PODFILE_DIR_PATH}/Podfile.lock",
				"${PODS_ROOT}/Manifest.lock",
			);
			name = "[CP] Check Pods Manifest.lock";
			outputPaths = (
				"$(DERIVED_FILE_DIR)/Pods-Hero Guide-checkManifestLockResult.txt",
			);
			runOnlyForDeploymentPostprocessing = 0;
			shellPath = /bin/sh;
			shellScript = "diff \"${PODS_PODFILE_DIR_PATH}/Podfile.lock\" \"${PODS_ROOT}/Manifest.lock\" > /dev/null\nif [ $? != 0 ] ; then\n    # print error to STDERR\n    echo \"error: The sandbox is not in sync with the Podfile.lock. Run 'pod install' or update your CocoaPods installation.\" >&2\n    exit 1\nfi\n# This output is used by Xcode 'outputs' to avoid re-running this script phase.\necho \"SUCCESS\" > \"${SCRIPT_OUTPUT_FILE_0}\"\n";
			showEnvVarsInLog = 0;
		};
		E2E1F575A13DCC8CA8A2F6AD /* [CP] Copy Pods Resources */ = {
			isa = PBXShellScriptBuildPhase;
			buildActionMask = 2147483647;
			files = (
			);
			inputPaths = (
			);
			name = "[CP] Copy Pods Resources";
			outputPaths = (
			);
			runOnlyForDeploymentPostprocessing = 0;
			shellPath = /bin/sh;
			shellScript = "\"${SRCROOT}/Pods/Target Support Files/Pods-Hero Guide/Pods-Hero Guide-resources.sh\"\n";
			showEnvVarsInLog = 0;
		};
/* End PBXShellScriptBuildPhase section */

/* Begin PBXSourcesBuildPhase section */
		AF5D39D920F27F8C009DC102 /* Sources */ = {
			isa = PBXSourcesBuildPhase;
			buildActionMask = 2147483647;
			files = (
				AF51D9FA20F30A76008F38DD /* CharacterViewHandlerInterface.swift in Sources */,
				AF51D9F820F30A40008F38DD /* CharacterViewInterface.swift in Sources */,
				AF51D9D820F28AEB008F38DD /* Constants.swift in Sources */,
				AF51DA0020F32008008F38DD /* ResourceURL.swift in Sources */,
				AF51D9F420F2B209008F38DD /* DateExtension.swift in Sources */,
				AF51D9EB20F297BF008F38DD /* GalleryPresenter.swift in Sources */,
				AF8CB61A20F434B600334585 /* CustomUIButton.swift in Sources */,
				AF51D9E720F29776008F38DD /* GalleryViewInterface.swift in Sources */,
				AF51D9E920F297A9008F38DD /* GalleryViewHandlerInterface.swift in Sources */,
				AF5D39E320F27F8C009DC102 /* GalleryViewController.swift in Sources */,
				AF51D9F620F2E2A9008F38DD /* CharacterViewController.swift in Sources */,
				AFB802D7210E20C200634D3D /* GallerySearchCell.swift in Sources */,
				AF51D9EF20F29840008F38DD /* GalleryInteractor.swift in Sources */,
				AF51D9DD20F28EE6008F38DD /* CharacterData.swift in Sources */,
				AF51D9ED20F29804008F38DD /* GalleryInteractorIO.swift in Sources */,
				AF51D9FE20F30CA4008F38DD /* ResourceData.swift in Sources */,
				AF51D9FC20F30A90008F38DD /* CharacterPresenter.swift in Sources */,
				AF5D39E120F27F8C009DC102 /* AppDelegate.swift in Sources */,
				AFB802D9210E210C00634D3D /* GallerySearchController.swift in Sources */,
				AF51D9D320F28A3E008F38DD /* BaseService.swift in Sources */,
				AF51D9DB20F28E85008F38DD /* CharactersResultData.swift in Sources */,
				AF8CB61520F42E2100334585 /* UIViewExtension.swift in Sources */,
				AF51D9F120F298BD008F38DD /* GalleryCollectionViewCell.swift in Sources */,
				AF51D9D520F28AA8008F38DD /* CharactersService.swift in Sources */,
			);
			runOnlyForDeploymentPostprocessing = 0;
		};
		AF5D39ED20F27F8C009DC102 /* Sources */ = {
			isa = PBXSourcesBuildPhase;
			buildActionMask = 2147483647;
			files = (
				AF5D39F620F27F8C009DC102 /* Hero_GuideTests.swift in Sources */,
				AF8CB61E20F4394900334585 /* CharacterTests.swift in Sources */,
			);
			runOnlyForDeploymentPostprocessing = 0;
		};
		AF5D39F820F27F8C009DC102 /* Sources */ = {
			isa = PBXSourcesBuildPhase;
			buildActionMask = 2147483647;
			files = (
				AF5D3A0120F27F8C009DC102 /* Hero_GuideUITests.swift in Sources */,
			);
			runOnlyForDeploymentPostprocessing = 0;
		};
/* End PBXSourcesBuildPhase section */

/* Begin PBXTargetDependency section */
		AF5D39F320F27F8C009DC102 /* PBXTargetDependency */ = {
			isa = PBXTargetDependency;
			target = AF5D39DC20F27F8C009DC102 /* Hero Guide */;
			targetProxy = AF5D39F220F27F8C009DC102 /* PBXContainerItemProxy */;
		};
		AF5D39FE20F27F8C009DC102 /* PBXTargetDependency */ = {
			isa = PBXTargetDependency;
			target = AF5D39DC20F27F8C009DC102 /* Hero Guide */;
			targetProxy = AF5D39FD20F27F8C009DC102 /* PBXContainerItemProxy */;
		};
/* End PBXTargetDependency section */

/* Begin PBXVariantGroup section */
		AF5D39E420F27F8C009DC102 /* Main.storyboard */ = {
			isa = PBXVariantGroup;
			children = (
				AF5D39E520F27F8C009DC102 /* Base */,
			);
			name = Main.storyboard;
			sourceTree = "<group>";
		};
		AF5D39E920F27F8C009DC102 /* LaunchScreen.storyboard */ = {
			isa = PBXVariantGroup;
			children = (
				AF5D39EA20F27F8C009DC102 /* Base */,
			);
			name = LaunchScreen.storyboard;
			sourceTree = "<group>";
		};
/* End PBXVariantGroup section */

/* Begin XCBuildConfiguration section */
		AF5D3A0320F27F8C009DC102 /* Debug */ = {
			isa = XCBuildConfiguration;
			buildSettings = {
				ALWAYS_SEARCH_USER_PATHS = NO;
				CLANG_ANALYZER_NONNULL = YES;
				CLANG_ANALYZER_NUMBER_OBJECT_CONVERSION = YES_AGGRESSIVE;
				CLANG_CXX_LANGUAGE_STANDARD = "gnu++14";
				CLANG_CXX_LIBRARY = "libc++";
				CLANG_ENABLE_MODULES = YES;
				CLANG_ENABLE_OBJC_ARC = YES;
				CLANG_ENABLE_OBJC_WEAK = YES;
				CLANG_WARN_BLOCK_CAPTURE_AUTORELEASING = YES;
				CLANG_WARN_BOOL_CONVERSION = YES;
				CLANG_WARN_COMMA = YES;
				CLANG_WARN_CONSTANT_CONVERSION = YES;
				CLANG_WARN_DEPRECATED_OBJC_IMPLEMENTATIONS = YES;
				CLANG_WARN_DIRECT_OBJC_ISA_USAGE = YES_ERROR;
				CLANG_WARN_DOCUMENTATION_COMMENTS = YES;
				CLANG_WARN_EMPTY_BODY = YES;
				CLANG_WARN_ENUM_CONVERSION = YES;
				CLANG_WARN_INFINITE_RECURSION = YES;
				CLANG_WARN_INT_CONVERSION = YES;
				CLANG_WARN_NON_LITERAL_NULL_CONVERSION = YES;
				CLANG_WARN_OBJC_IMPLICIT_RETAIN_SELF = YES;
				CLANG_WARN_OBJC_LITERAL_CONVERSION = YES;
				CLANG_WARN_OBJC_ROOT_CLASS = YES_ERROR;
				CLANG_WARN_RANGE_LOOP_ANALYSIS = YES;
				CLANG_WARN_STRICT_PROTOTYPES = YES;
				CLANG_WARN_SUSPICIOUS_MOVE = YES;
				CLANG_WARN_UNGUARDED_AVAILABILITY = YES_AGGRESSIVE;
				CLANG_WARN_UNREACHABLE_CODE = YES;
				CLANG_WARN__DUPLICATE_METHOD_MATCH = YES;
				CODE_SIGN_IDENTITY = "iPhone Developer";
				COPY_PHASE_STRIP = NO;
				DEBUG_INFORMATION_FORMAT = dwarf;
				ENABLE_STRICT_OBJC_MSGSEND = YES;
				ENABLE_TESTABILITY = YES;
				GCC_C_LANGUAGE_STANDARD = gnu11;
				GCC_DYNAMIC_NO_PIC = NO;
				GCC_NO_COMMON_BLOCKS = YES;
				GCC_OPTIMIZATION_LEVEL = 0;
				GCC_PREPROCESSOR_DEFINITIONS = (
					"DEBUG=1",
					"$(inherited)",
				);
				GCC_WARN_64_TO_32_BIT_CONVERSION = YES;
				GCC_WARN_ABOUT_RETURN_TYPE = YES_ERROR;
				GCC_WARN_UNDECLARED_SELECTOR = YES;
				GCC_WARN_UNINITIALIZED_AUTOS = YES_AGGRESSIVE;
				GCC_WARN_UNUSED_FUNCTION = YES;
				GCC_WARN_UNUSED_VARIABLE = YES;
				IPHONEOS_DEPLOYMENT_TARGET = 11.4;
				MTL_ENABLE_DEBUG_INFO = YES;
				ONLY_ACTIVE_ARCH = YES;
				SDKROOT = iphoneos;
				SWIFT_ACTIVE_COMPILATION_CONDITIONS = DEBUG;
				SWIFT_OPTIMIZATION_LEVEL = "-Onone";
			};
			name = Debug;
		};
		AF5D3A0420F27F8C009DC102 /* Release */ = {
			isa = XCBuildConfiguration;
			buildSettings = {
				ALWAYS_SEARCH_USER_PATHS = NO;
				CLANG_ANALYZER_NONNULL = YES;
				CLANG_ANALYZER_NUMBER_OBJECT_CONVERSION = YES_AGGRESSIVE;
				CLANG_CXX_LANGUAGE_STANDARD = "gnu++14";
				CLANG_CXX_LIBRARY = "libc++";
				CLANG_ENABLE_MODULES = YES;
				CLANG_ENABLE_OBJC_ARC = YES;
				CLANG_ENABLE_OBJC_WEAK = YES;
				CLANG_WARN_BLOCK_CAPTURE_AUTORELEASING = YES;
				CLANG_WARN_BOOL_CONVERSION = YES;
				CLANG_WARN_COMMA = YES;
				CLANG_WARN_CONSTANT_CONVERSION = YES;
				CLANG_WARN_DEPRECATED_OBJC_IMPLEMENTATIONS = YES;
				CLANG_WARN_DIRECT_OBJC_ISA_USAGE = YES_ERROR;
				CLANG_WARN_DOCUMENTATION_COMMENTS = YES;
				CLANG_WARN_EMPTY_BODY = YES;
				CLANG_WARN_ENUM_CONVERSION = YES;
				CLANG_WARN_INFINITE_RECURSION = YES;
				CLANG_WARN_INT_CONVERSION = YES;
				CLANG_WARN_NON_LITERAL_NULL_CONVERSION = YES;
				CLANG_WARN_OBJC_IMPLICIT_RETAIN_SELF = YES;
				CLANG_WARN_OBJC_LITERAL_CONVERSION = YES;
				CLANG_WARN_OBJC_ROOT_CLASS = YES_ERROR;
				CLANG_WARN_RANGE_LOOP_ANALYSIS = YES;
				CLANG_WARN_STRICT_PROTOTYPES = YES;
				CLANG_WARN_SUSPICIOUS_MOVE = YES;
				CLANG_WARN_UNGUARDED_AVAILABILITY = YES_AGGRESSIVE;
				CLANG_WARN_UNREACHABLE_CODE = YES;
				CLANG_WARN__DUPLICATE_METHOD_MATCH = YES;
				CODE_SIGN_IDENTITY = "iPhone Developer";
				COPY_PHASE_STRIP = NO;
				DEBUG_INFORMATION_FORMAT = "dwarf-with-dsym";
				ENABLE_NS_ASSERTIONS = NO;
				ENABLE_STRICT_OBJC_MSGSEND = YES;
				GCC_C_LANGUAGE_STANDARD = gnu11;
				GCC_NO_COMMON_BLOCKS = YES;
				GCC_WARN_64_TO_32_BIT_CONVERSION = YES;
				GCC_WARN_ABOUT_RETURN_TYPE = YES_ERROR;
				GCC_WARN_UNDECLARED_SELECTOR = YES;
				GCC_WARN_UNINITIALIZED_AUTOS = YES_AGGRESSIVE;
				GCC_WARN_UNUSED_FUNCTION = YES;
				GCC_WARN_UNUSED_VARIABLE = YES;
				IPHONEOS_DEPLOYMENT_TARGET = 11.4;
				MTL_ENABLE_DEBUG_INFO = NO;
				SDKROOT = iphoneos;
				SWIFT_COMPILATION_MODE = wholemodule;
				SWIFT_OPTIMIZATION_LEVEL = "-O";
				VALIDATE_PRODUCT = YES;
			};
			name = Release;
		};
		AF5D3A0620F27F8C009DC102 /* Debug */ = {
			isa = XCBuildConfiguration;
			baseConfigurationReference = DE790A449158B90753412AAB /* Pods-Hero Guide.debug.xcconfig */;
			buildSettings = {
				ASSETCATALOG_COMPILER_APPICON_NAME = AppIcon;
				CODE_SIGN_STYLE = Automatic;
				INFOPLIST_FILE = "Hero Guide/Info.plist";
				LD_RUNPATH_SEARCH_PATHS = (
					"$(inherited)",
					"@executable_path/Frameworks",
				);
				PRODUCT_BUNDLE_IDENTIFIER = "thiagocruz.hero-guide";
				PRODUCT_NAME = "$(TARGET_NAME)";
				SWIFT_VERSION = 4.0;
				TARGETED_DEVICE_FAMILY = "1,2";
			};
			name = Debug;
		};
		AF5D3A0720F27F8C009DC102 /* Release */ = {
			isa = XCBuildConfiguration;
			baseConfigurationReference = A2B3AC92116D166700E1422C /* Pods-Hero Guide.release.xcconfig */;
			buildSettings = {
				ASSETCATALOG_COMPILER_APPICON_NAME = AppIcon;
				CODE_SIGN_STYLE = Automatic;
				INFOPLIST_FILE = "Hero Guide/Info.plist";
				LD_RUNPATH_SEARCH_PATHS = (
					"$(inherited)",
					"@executable_path/Frameworks",
				);
				PRODUCT_BUNDLE_IDENTIFIER = "thiagocruz.hero-guide";
				PRODUCT_NAME = "$(TARGET_NAME)";
				SWIFT_VERSION = 4.0;
				TARGETED_DEVICE_FAMILY = "1,2";
			};
			name = Release;
		};
		AF5D3A0920F27F8C009DC102 /* Debug */ = {
			isa = XCBuildConfiguration;
			baseConfigurationReference = 0AF8F9EF1D19A4E42DA1D8A9 /* Pods-Hero Guide-Hero GuideTests.debug.xcconfig */;
			buildSettings = {
				ALWAYS_EMBED_SWIFT_STANDARD_LIBRARIES = YES;
				BUNDLE_LOADER = "$(TEST_HOST)";
				CODE_SIGN_STYLE = Automatic;
				INFOPLIST_FILE = "Hero GuideTests/Info.plist";
				LD_RUNPATH_SEARCH_PATHS = (
					"$(inherited)",
					"@executable_path/Frameworks",
					"@loader_path/Frameworks",
				);
				PRODUCT_BUNDLE_IDENTIFIER = "thiagocruz.Hero-GuideTests";
				PRODUCT_NAME = "$(TARGET_NAME)";
				SWIFT_VERSION = 4.0;
				TARGETED_DEVICE_FAMILY = "1,2";
				TEST_HOST = "$(BUILT_PRODUCTS_DIR)/Hero Guide.app/Hero Guide";
			};
			name = Debug;
		};
		AF5D3A0A20F27F8C009DC102 /* Release */ = {
			isa = XCBuildConfiguration;
			baseConfigurationReference = 4739CC735D997955FD4E2BEB /* Pods-Hero Guide-Hero GuideTests.release.xcconfig */;
			buildSettings = {
				ALWAYS_EMBED_SWIFT_STANDARD_LIBRARIES = YES;
				BUNDLE_LOADER = "$(TEST_HOST)";
				CODE_SIGN_STYLE = Automatic;
				INFOPLIST_FILE = "Hero GuideTests/Info.plist";
				LD_RUNPATH_SEARCH_PATHS = (
					"$(inherited)",
					"@executable_path/Frameworks",
					"@loader_path/Frameworks",
				);
				PRODUCT_BUNDLE_IDENTIFIER = "thiagocruz.Hero-GuideTests";
				PRODUCT_NAME = "$(TARGET_NAME)";
				SWIFT_VERSION = 4.0;
				TARGETED_DEVICE_FAMILY = "1,2";
				TEST_HOST = "$(BUILT_PRODUCTS_DIR)/Hero Guide.app/Hero Guide";
			};
			name = Release;
		};
		AF5D3A0C20F27F8C009DC102 /* Debug */ = {
			isa = XCBuildConfiguration;
			buildSettings = {
				ALWAYS_EMBED_SWIFT_STANDARD_LIBRARIES = YES;
				CODE_SIGN_STYLE = Automatic;
				INFOPLIST_FILE = "Hero GuideUITests/Info.plist";
				LD_RUNPATH_SEARCH_PATHS = (
					"$(inherited)",
					"@executable_path/Frameworks",
					"@loader_path/Frameworks",
				);
				PRODUCT_BUNDLE_IDENTIFIER = "thiagocruz.Hero-GuideUITests";
				PRODUCT_NAME = "$(TARGET_NAME)";
				SWIFT_VERSION = 4.0;
				TARGETED_DEVICE_FAMILY = "1,2";
				TEST_TARGET_NAME = "Hero Guide";
			};
			name = Debug;
		};
		AF5D3A0D20F27F8C009DC102 /* Release */ = {
			isa = XCBuildConfiguration;
			buildSettings = {
				ALWAYS_EMBED_SWIFT_STANDARD_LIBRARIES = YES;
				CODE_SIGN_STYLE = Automatic;
				INFOPLIST_FILE = "Hero GuideUITests/Info.plist";
				LD_RUNPATH_SEARCH_PATHS = (
					"$(inherited)",
					"@executable_path/Frameworks",
					"@loader_path/Frameworks",
				);
				PRODUCT_BUNDLE_IDENTIFIER = "thiagocruz.Hero-GuideUITests";
				PRODUCT_NAME = "$(TARGET_NAME)";
				SWIFT_VERSION = 4.0;
				TARGETED_DEVICE_FAMILY = "1,2";
				TEST_TARGET_NAME = "Hero Guide";
			};
			name = Release;
		};
/* End XCBuildConfiguration section */

/* Begin XCConfigurationList section */
		AF5D39D820F27F8C009DC102 /* Build configuration list for PBXProject "Hero Guide" */ = {
			isa = XCConfigurationList;
			buildConfigurations = (
				AF5D3A0320F27F8C009DC102 /* Debug */,
				AF5D3A0420F27F8C009DC102 /* Release */,
			);
			defaultConfigurationIsVisible = 0;
			defaultConfigurationName = Release;
		};
		AF5D3A0520F27F8C009DC102 /* Build configuration list for PBXNativeTarget "Hero Guide" */ = {
			isa = XCConfigurationList;
			buildConfigurations = (
				AF5D3A0620F27F8C009DC102 /* Debug */,
				AF5D3A0720F27F8C009DC102 /* Release */,
			);
			defaultConfigurationIsVisible = 0;
			defaultConfigurationName = Release;
		};
		AF5D3A0820F27F8C009DC102 /* Build configuration list for PBXNativeTarget "Hero GuideTests" */ = {
			isa = XCConfigurationList;
			buildConfigurations = (
				AF5D3A0920F27F8C009DC102 /* Debug */,
				AF5D3A0A20F27F8C009DC102 /* Release */,
			);
			defaultConfigurationIsVisible = 0;
			defaultConfigurationName = Release;
		};
		AF5D3A0B20F27F8C009DC102 /* Build configuration list for PBXNativeTarget "Hero GuideUITests" */ = {
			isa = XCConfigurationList;
			buildConfigurations = (
				AF5D3A0C20F27F8C009DC102 /* Debug */,
				AF5D3A0D20F27F8C009DC102 /* Release */,
			);
			defaultConfigurationIsVisible = 0;
			defaultConfigurationName = Release;
		};
/* End XCConfigurationList section */
	};
	rootObject = AF5D39D520F27F8C009DC102 /* Project object */;
}
